
Microsoft Visual Studio Solution File, Format Version 12.00
# Visual Studio 2012
Project("{FAE04EC0-301F-11D3-BF4B-00C04F79EFBC}") = "docstore", "docstore\docstore.csproj", "{EBF79BBC-5CF4-4DA1-9C8C-0743B1DBDE52}"
EndProject
Project("{FAE04EC0-301F-11D3-BF4B-00C04F79EFBC}") = "docstore.Tests", "docstore.Tests\docstore.Tests.csproj", "{FD6E44A8-F3A0-418C-80ED-3908FA1428B8}"
EndProject
Global
	GlobalSection(SolutionConfigurationPlatforms) = preSolution
		Debug|Any CPU = Debug|Any CPU
		Release|Any CPU = Release|Any CPU
	EndGlobalSection
	GlobalSection(ProjectConfigurationPlatforms) = postSolution
		{EBF79BBC-5CF4-4DA1-9C8C-0743B1DBDE52}.Debug|Any CPU.ActiveCfg = Debug|Any CPU
		{EBF79BBC-5CF4-4DA1-9C8C-0743B1DBDE52}.Debug|Any CPU.Build.0 = Debug|Any CPU
		{EBF79BBC-5CF4-4DA1-9C8C-0743B1DBDE52}.Release|Any CPU.ActiveCfg = Release|Any CPU
		{EBF79BBC-5CF4-4DA1-9C8C-0743B1DBDE52}.Release|Any CPU.Build.0 = Release|Any CPU
		{FD6E44A8-F3A0-418C-80ED-3908FA1428B8}.Debug|Any CPU.ActiveCfg = Debug|Any CPU
		{FD6E44A8-F3A0-418C-80ED-3908FA1428B8}.Debug|Any CPU.Build.0 = Debug|Any CPU
		{FD6E44A8-F3A0-418C-80ED-3908FA1428B8}.Release|Any CPU.ActiveCfg = Release|Any CPU
		{FD6E44A8-F3A0-418C-80ED-3908FA1428B8}.Release|Any CPU.Build.0 = Release|Any CPU
	EndGlobalSection
	GlobalSection(SolutionProperties) = preSolution
		HideSolutionNode = FALSE
	EndGlobalSection
EndGlobal
