
Microsoft Visual Studio Solution File, Format Version 12.00
# Visual Studio 2012
Project("{FAE04EC0-301F-11D3-BF4B-00C04F79EFBC}") = "Ildss", "Ildss\Ildss.csproj", "{300C02F3-DE60-4BF6-AFF9-86E676874D89}"
EndProject
Project("{2150E333-8FDC-42A3-9474-1A3956D46DE8}") = ".nuget", ".nuget", "{2ACDE4D5-BC9E-43E1-8BC3-CB36C4A1DFCE}"
	ProjectSection(SolutionItems) = preProject
		.nuget\NuGet.Config = .nuget\NuGet.Config
		.nuget\NuGet.exe = .nuget\NuGet.exe
		.nuget\NuGet.targets = .nuget\NuGet.targets
	EndProjectSection
EndProject
Project("{FAE04EC0-301F-11D3-BF4B-00C04F79EFBC}") = "IldssUI", "IldssUI\IldssUI.csproj", "{2AEC85B6-8776-4AEA-AC1F-2105E79A1E34}"
EndProject
Project("{FAE04EC0-301F-11D3-BF4B-00C04F79EFBC}") = "CloudInterface", "CloudInterface\CloudInterface.csproj", "{A4DB3A6A-7959-4517-844B-4D00AE09436C}"
EndProject
Project("{FAE04EC0-301F-11D3-BF4B-00C04F79EFBC}") = "Log", "Logger\Log.csproj", "{49FAB48B-6591-4C0A-A9FD-BADB932B7D8B}"
EndProject
Global
	GlobalSection(SolutionConfigurationPlatforms) = preSolution
		CD_ROM|Any CPU = CD_ROM|Any CPU
		Debug|Any CPU = Debug|Any CPU
		DVD-5|Any CPU = DVD-5|Any CPU
		Release|Any CPU = Release|Any CPU
		SingleImage|Any CPU = SingleImage|Any CPU
	EndGlobalSection
	GlobalSection(ProjectConfigurationPlatforms) = postSolution
		{300C02F3-DE60-4BF6-AFF9-86E676874D89}.CD_ROM|Any CPU.ActiveCfg = Release|Any CPU
		{300C02F3-DE60-4BF6-AFF9-86E676874D89}.CD_ROM|Any CPU.Build.0 = Release|Any CPU
		{300C02F3-DE60-4BF6-AFF9-86E676874D89}.Debug|Any CPU.ActiveCfg = Debug|Any CPU
		{300C02F3-DE60-4BF6-AFF9-86E676874D89}.Debug|Any CPU.Build.0 = Debug|Any CPU
		{300C02F3-DE60-4BF6-AFF9-86E676874D89}.DVD-5|Any CPU.ActiveCfg = Debug|Any CPU
		{300C02F3-DE60-4BF6-AFF9-86E676874D89}.DVD-5|Any CPU.Build.0 = Debug|Any CPU
		{300C02F3-DE60-4BF6-AFF9-86E676874D89}.Release|Any CPU.ActiveCfg = Release|Any CPU
		{300C02F3-DE60-4BF6-AFF9-86E676874D89}.Release|Any CPU.Build.0 = Release|Any CPU
		{300C02F3-DE60-4BF6-AFF9-86E676874D89}.SingleImage|Any CPU.ActiveCfg = Release|Any CPU
		{300C02F3-DE60-4BF6-AFF9-86E676874D89}.SingleImage|Any CPU.Build.0 = Release|Any CPU
		{2AEC85B6-8776-4AEA-AC1F-2105E79A1E34}.CD_ROM|Any CPU.ActiveCfg = Release|Any CPU
		{2AEC85B6-8776-4AEA-AC1F-2105E79A1E34}.CD_ROM|Any CPU.Build.0 = Release|Any CPU
		{2AEC85B6-8776-4AEA-AC1F-2105E79A1E34}.Debug|Any CPU.ActiveCfg = Debug|Any CPU
		{2AEC85B6-8776-4AEA-AC1F-2105E79A1E34}.Debug|Any CPU.Build.0 = Debug|Any CPU
		{2AEC85B6-8776-4AEA-AC1F-2105E79A1E34}.DVD-5|Any CPU.ActiveCfg = Debug|Any CPU
		{2AEC85B6-8776-4AEA-AC1F-2105E79A1E34}.DVD-5|Any CPU.Build.0 = Debug|Any CPU
		{2AEC85B6-8776-4AEA-AC1F-2105E79A1E34}.Release|Any CPU.ActiveCfg = Release|Any CPU
		{2AEC85B6-8776-4AEA-AC1F-2105E79A1E34}.Release|Any CPU.Build.0 = Release|Any CPU
		{2AEC85B6-8776-4AEA-AC1F-2105E79A1E34}.SingleImage|Any CPU.ActiveCfg = Release|Any CPU
		{2AEC85B6-8776-4AEA-AC1F-2105E79A1E34}.SingleImage|Any CPU.Build.0 = Release|Any CPU
		{A4DB3A6A-7959-4517-844B-4D00AE09436C}.CD_ROM|Any CPU.ActiveCfg = Release|Any CPU
		{A4DB3A6A-7959-4517-844B-4D00AE09436C}.CD_ROM|Any CPU.Build.0 = Release|Any CPU
		{A4DB3A6A-7959-4517-844B-4D00AE09436C}.Debug|Any CPU.ActiveCfg = Debug|Any CPU
		{A4DB3A6A-7959-4517-844B-4D00AE09436C}.Debug|Any CPU.Build.0 = Debug|Any CPU
		{A4DB3A6A-7959-4517-844B-4D00AE09436C}.DVD-5|Any CPU.ActiveCfg = Debug|Any CPU
		{A4DB3A6A-7959-4517-844B-4D00AE09436C}.DVD-5|Any CPU.Build.0 = Debug|Any CPU
		{A4DB3A6A-7959-4517-844B-4D00AE09436C}.Release|Any CPU.ActiveCfg = Release|Any CPU
		{A4DB3A6A-7959-4517-844B-4D00AE09436C}.Release|Any CPU.Build.0 = Release|Any CPU
		{A4DB3A6A-7959-4517-844B-4D00AE09436C}.SingleImage|Any CPU.ActiveCfg = Release|Any CPU
		{A4DB3A6A-7959-4517-844B-4D00AE09436C}.SingleImage|Any CPU.Build.0 = Release|Any CPU
		{49FAB48B-6591-4C0A-A9FD-BADB932B7D8B}.CD_ROM|Any CPU.ActiveCfg = Release|Any CPU
		{49FAB48B-6591-4C0A-A9FD-BADB932B7D8B}.CD_ROM|Any CPU.Build.0 = Release|Any CPU
		{49FAB48B-6591-4C0A-A9FD-BADB932B7D8B}.Debug|Any CPU.ActiveCfg = Debug|Any CPU
		{49FAB48B-6591-4C0A-A9FD-BADB932B7D8B}.Debug|Any CPU.Build.0 = Debug|Any CPU
		{49FAB48B-6591-4C0A-A9FD-BADB932B7D8B}.DVD-5|Any CPU.ActiveCfg = Debug|Any CPU
		{49FAB48B-6591-4C0A-A9FD-BADB932B7D8B}.DVD-5|Any CPU.Build.0 = Debug|Any CPU
		{49FAB48B-6591-4C0A-A9FD-BADB932B7D8B}.Release|Any CPU.ActiveCfg = Release|Any CPU
		{49FAB48B-6591-4C0A-A9FD-BADB932B7D8B}.Release|Any CPU.Build.0 = Release|Any CPU
		{49FAB48B-6591-4C0A-A9FD-BADB932B7D8B}.SingleImage|Any CPU.ActiveCfg = Release|Any CPU
		{49FAB48B-6591-4C0A-A9FD-BADB932B7D8B}.SingleImage|Any CPU.Build.0 = Release|Any CPU
	EndGlobalSection
	GlobalSection(SolutionProperties) = preSolution
		HideSolutionNode = FALSE
	EndGlobalSection
EndGlobal
